lockfileVersion: 5.4

specifiers:
  assemblyscript: 0.21.3
  source-map-support: 0.5.21

dependencies:
  source-map-support: 0.5.21

devDependencies:
  assemblyscript: 0.21.3

packages:

  /assemblyscript/0.21.3:
    resolution: {integrity: sha512-DqA9/3uJeL/YceLu5yNT9nIk+6NOPqQDEgZFNrgLgYBpCapUDd3lSyz//566K1jcMHtH+e+NHyS6XBYrQE73nQ==}
    engines: {node: '>=16.0.0', npm: '>=7.0.0'}
    hasBin: true
    dependencies:
      binaryen: 109.0.0-nightly.20220831
      long: 5.2.0
    dev: true

  /binaryen/109.0.0-nightly.20220831:
    resolution: {integrity: sha512-fy3zefoIq9tsZ00wlk2VcyYnJg2WQXi4IPH9LddUcFpxQXagzMvijkgCUX37MhmTP48WdLJ5jpZ9h/58HijovA==}
    hasBin: true
    dev: true

  /buffer-from/1.1.2:
    resolution: {integrity: sha512-E+XQCRwSbaaiChtv6k6Dwgc+bx+Bs6vuKJHHl5kox/BaKbhiXzqQOwK4cO22yElGp2OCmjwVhT3HmxgyPGnJfQ==}
    dev: false

  /long/5.2.0:
    resolution: {integrity: sha512-9RTUNjK60eJbx3uz+TEGF7fUr29ZDxR5QzXcyDpeSfeH28S9ycINflOgOlppit5U+4kNTe83KQnMEerw7GmE8w==}
    dev: true

  /source-map-support/0.5.21:
    resolution: {integrity: sha512-uBHU3L3czsIyYXKX88fdrGovxdSCoTGDRZ6SYXtSRxLZUzHg5P/66Ht6uoUlHu9EZod+inXhKo3qQgwXUT/y1w==}
    dependencies:
      buffer-from: 1.1.2
      source-map: 0.6.1
    dev: false

  /source-map/0.6.1:
    resolution: {integrity: sha512-UjgapumWlbMhkBgzT7Ykc5YXUT46F0iKu8SGXq0bcwP5dz/h0Plj6enJqjz1Zbq2l5WaqYnrVbwWOWMyF3F47g==}
    engines: {node: '>=0.10.0'}
    dev: false
