lockfileVersion: 5.4

specifiers:
  assemblyscript: 0.21.3

devDependencies:
  assemblyscript: 0.21.3

packages:

  /assemblyscript/0.21.3:
    resolution: {integrity: sha512-DqA9/3uJeL/YceLu5yNT9nIk+6NOPqQDEgZFNrgLgYBpCapUDd3lSyz//566K1jcMHtH+e+NHyS6XBYrQE73nQ==}
    engines: {node: '>=16.0.0', npm: '>=7.0.0'}
    hasBin: true
    dependencies:
      binaryen: 109.0.0-nightly.20220831
      long: 5.2.0
    dev: true

  /binaryen/109.0.0-nightly.20220831:
    resolution: {integrity: sha512-fy3zefoIq9tsZ00wlk2VcyYnJg2WQXi4IPH9LddUcFpxQXagzMvijkgCUX37MhmTP48WdLJ5jpZ9h/58HijovA==}
    hasBin: true
    dev: true

  /long/5.2.0:
    resolution: {integrity: sha512-9RTUNjK60eJbx3uz+TEGF7fUr29ZDxR5QzXcyDpeSfeH28S9ycINflOgOlppit5U+4kNTe83KQnMEerw7GmE8w==}
    dev: true
